{
  "name": "app",
  "requires": true,
  "lockfileVersion": 1,
  "dependencies": {
    "chart.js": {
      "version": "3.6.0",
      "resolved": "https://registry.npmjs.org/chart.js/-/chart.js-3.6.0.tgz",
      "integrity": "sha512-iOzzDKePL+bj+ccIsVAgWQehCXv8xOKGbaU2fO/myivH736zcx535PGJzQGanvcSGVOqX6yuLZsN3ygcQ35UgQ==",
      "optional": true
    },
    "chartjs-adapter-date-fns": {
      "version": "2.0.0",
      "resolved": "https://registry.npmjs.org/chartjs-adapter-date-fns/-/chartjs-adapter-date-fns-2.0.0.tgz",
      "integrity": "sha512-rmZINGLe+9IiiEB0kb57vH3UugAtYw33anRiw5kS2Tu87agpetDDoouquycWc9pRsKtQo5j+vLsYHyr8etAvFw==",
      "optional": true
    },
    "chartkick": {
      "version": "4.1.0",
      "resolved": "https://registry.npmjs.org/chartkick/-/chartkick-4.1.0.tgz",
      "integrity": "sha512-BBf1JWV7SRsxDng9Fh4MRGuj93VPkF8F1pcrOfbCD/ey+/Fyo+tFF8vqpGAjOyu7oNd4cc1IC/OUixUtPsfNmg==",
      "requires": {
        "chart.js": ">=3.0.2",
        "chartjs-adapter-date-fns": ">=2.0.0",
        "date-fns": ">=2.0.0"
      }
    },
    "date-fns": {
      "version": "2.25.0",
      "resolved": "https://registry.npmjs.org/date-fns/-/date-fns-2.25.0.tgz",
      "integrity": "sha512-ovYRFnTrbGPD4nqaEqescPEv1mNwvt+UTqI3Ay9SzNtey9NZnYu6E2qCcBBgJ6/2VF1zGGygpyTDITqpQQ5e+w==",
      "optional": true
    }
  }
}
