# THIS IS AN AUTOGENERATED FILE. DO NOT EDIT THIS FILE DIRECTLY.
# yarn lockfile v1


chart.js@>=3.0.2:
  version "3.6.0"
  resolved "https://registry.yarnpkg.com/chart.js/-/chart.js-3.6.0.tgz#a87fce8431d4e7c5523d721f487f53aada1e42fe"
  integrity sha512-iOzzDKePL+bj+ccIsVAgWQehCXv8xOKGbaU2fO/myivH736zcx535PGJzQGanvcSGVOqX6yuLZsN3ygcQ35UgQ==

chartjs-adapter-date-fns@>=2.0.0:
  version "2.0.0"
  resolved "https://registry.yarnpkg.com/chartjs-adapter-date-fns/-/chartjs-adapter-date-fns-2.0.0.tgz#5e53b2f660b993698f936f509c86dddf9ed44c6b"
  integrity sha512-rmZINGLe+9IiiEB0kb57vH3UugAtYw33anRiw5kS2Tu87agpetDDoouquycWc9pRsKtQo5j+vLsYHyr8etAvFw==

chartkick@^4.1.0:
  version "4.1.0"
  resolved "https://registry.yarnpkg.com/chartkick/-/chartkick-4.1.0.tgz#a60b3ad55059195317f504fae607106d5cdfb78d"
  integrity sha512-BBf1JWV7SRsxDng9Fh4MRGuj93VPkF8F1pcrOfbCD/ey+/Fyo+tFF8vqpGAjOyu7oNd4cc1IC/OUixUtPsfNmg==
  optionalDependencies:
    chart.js ">=3.0.2"
    chartjs-adapter-date-fns ">=2.0.0"
    date-fns ">=2.0.0"

date-fns@>=2.0.0:
  version "2.25.0"
  resolved "https://registry.yarnpkg.com/date-fns/-/date-fns-2.25.0.tgz#8c5c8f1d958be3809a9a03f4b742eba894fc5680"
  integrity sha512-ovYRFnTrbGPD4nqaEqescPEv1mNwvt+UTqI3Ay9SzNtey9NZnYu6E2qCcBBgJ6/2VF1zGGygpyTDITqpQQ5e+w==

highcharts@^9.3.0:
  version "9.3.0"
  resolved "https://registry.yarnpkg.com/highcharts/-/highcharts-9.3.0.tgz#999496c8af677d5f08e41e2e708d3eb7baf56640"
  integrity sha512-nQ7yW5ni7wFiPgDN2IWrS6o6NjL1gK/OhZjrdpyB3FQuefMkTQngygP+JqZFMx7PDrP3YAvfejx0M5IgkC01ow==
